<Solution>
  <Folder Name="/Solution Items/">
    <File Path="../Coordinates/axmer2024.pdf" />
    <File Path="../Coordinates/coh_2024_-_final.pdf" />
    <File Path="../Coordinates/ToDoList.txt" />
    <File Path=".editorconfig" />
    <File Path="Directory.Build.props" />
  </Folder>
  <Project Path="Scoring/Scoring.csproj" />
</Solution>
